{
  "version": 4,
  "terraform_version": "1.5.5",
  "serial": 52,
  "lineage": "7dbf5ea9-97d6-9de4-6a7b-458e10ecf659",
  "outputs": {},
  "resources": [
    {
      "mode": "managed",
      "type": "yandex_compute_instance",
      "name": "instance",
      "provider": "provider[\"registry.terraform.io/yandex-cloud/yandex\"]",
      "instances": [
        {
          "schema_version": 1,
          "attributes": {
            "allow_recreate": null,
            "allow_stopping_for_update": null,
            "boot_disk": [
              {
                "auto_delete": true,
                "device_name": "fhmgodv5ldekpjqmhad4",
                "disk_id": "fhmgodv5ldekpjqmhad4",
                "initialize_params": [
                  {
                    "block_size": 4096,
                    "description": "",
                    "image_id": "fd879gb88170to70d38a",
                    "name": "",
                    "size": 10,
                    "snapshot_id": "",
                    "type": "network-ssd"
                  }
                ],
                "mode": "READ_WRITE"
              }
            ],
            "created_at": "2023-08-23T19:32:30Z",
            "description": "",
            "filesystem": [],
            "folder_id": "b1g4rh6nn3upb1sckei9",
            "fqdn": "demo-vm.ru-central1.internal",
            "gpu_cluster_id": "",
            "hostname": "demo-vm",
            "id": "fhmpututj9flqjdenen0",
            "labels": null,
            "local_disk": [],
            "metadata": {
              "ssh-keys": "ubuntu:ssh-rsa AAAAB3NzaC1yc2EAAAADAQABAAABAQDUM0rpFJtQTVkkgzYfahiXDOdOOLCECA72dCPainiWbNOve3b41qgg4z8DPcvkdJMzFOSSjWjzLLOexMpWd2G/s/7kUNqTpq5toTrRMznqHn8HZbM42MXmaS7CGOZ28v9Yg59YtRKcN1/93sjc+8Ny0RP+bSUmuD0/6EVIFlTzTSHEwRDWPzfgy5x9TZVCDYnMwIAKFjMpohOP2F8KFBSB6d6J+7kwYwYt7kUw/2NXvuIP77f8yu1H19AOdYb0QNII3hLxsMEQDRwdzMiHoDPoLK14JkYpfgazstxx6pEbdkfe/9OmNC8pRUcK1aCyBzeqAmaAicb6C/p1dvlRr7Ib rsa-key-20230823"
            },
            "metadata_options": [
              {
                "aws_v1_http_endpoint": 1,
                "aws_v1_http_token": 2,
                "gce_http_endpoint": 1,
                "gce_http_token": 1
              }
            ],
            "name": "demo-vm",
            "network_acceleration_type": "standard",
            "network_interface": [
              {
                "dns_record": [],
                "index": 0,
                "ip_address": "10.10.10.10",
                "ipv4": true,
                "ipv6": false,
                "ipv6_address": "",
                "ipv6_dns_record": [],
                "mac_address": "d0:0d:19:f7:7d:d9",
                "nat": true,
                "nat_dns_record": [],
                "nat_ip_address": "158.160.47.103",
                "nat_ip_version": "IPV4",
                "security_group_ids": [],
                "subnet_id": "e9blk9r15jo502pgnfko"
              }
            ],
            "placement_policy": [
              {
                "host_affinity_rules": [],
                "placement_group_id": ""
              }
            ],
            "platform_id": "standard-v3",
            "resources": [
              {
                "core_fraction": 100,
                "cores": 2,
                "gpus": 0,
                "memory": 4
              }
            ],
            "scheduling_policy": [
              {
                "preemptible": false
              }
            ],
            "secondary_disk": [],
            "service_account_id": "",
            "status": "running",
            "timeouts": null,
            "zone": "ru-central1-a"
          },
          "sensitive_attributes": [],
          "private": "eyJlMmJmYjczMC1lY2FhLTExZTYtOGY4OC0zNDM2M2JjN2M0YzAiOnsiY3JlYXRlIjozMDAwMDAwMDAwMDAsImRlbGV0ZSI6MzAwMDAwMDAwMDAwLCJ1cGRhdGUiOjMwMDAwMDAwMDAwMH0sInNjaGVtYV92ZXJzaW9uIjoiMSJ9",
          "dependencies": [
            "yandex_vpc_network.vpc",
            "yandex_vpc_subnet.subnet"
          ]
        }
      ]
    },
    {
      "mode": "managed",
      "type": "yandex_vpc_network",
      "name": "vpc",
      "provider": "provider[\"registry.terraform.io/yandex-cloud/yandex\"]",
      "instances": [
        {
          "schema_version": 0,
          "attributes": {
            "created_at": "2023-08-23T19:32:28Z",
            "default_security_group_id": "",
            "description": "",
            "folder_id": "b1g4rh6nn3upb1sckei9",
            "id": "enpcltom971vjo4qb721",
            "labels": {},
            "name": "demo_vpc",
            "subnet_ids": [],
            "timeouts": null
          },
          "sensitive_attributes": [],
          "private": "eyJlMmJmYjczMC1lY2FhLTExZTYtOGY4OC0zNDM2M2JjN2M0YzAiOnsiY3JlYXRlIjo2MDAwMDAwMDAwMCwiZGVsZXRlIjo2MDAwMDAwMDAwMCwidXBkYXRlIjo2MDAwMDAwMDAwMH19"
        }
      ]
    },
    {
      "mode": "managed",
      "type": "yandex_vpc_subnet",
      "name": "subnet",
      "provider": "provider[\"registry.terraform.io/yandex-cloud/yandex\"]",
      "instances": [
        {
          "schema_version": 0,
          "attributes": {
            "created_at": "2023-08-23T19:32:29Z",
            "description": "",
            "dhcp_options": [],
            "folder_id": "b1g4rh6nn3upb1sckei9",
            "id": "e9blk9r15jo502pgnfko",
            "labels": {},
            "name": "demo_subnet",
            "network_id": "enpcltom971vjo4qb721",
            "route_table_id": "",
            "timeouts": null,
            "v4_cidr_blocks": [
              "10.10.10.0/24"
            ],
            "v6_cidr_blocks": [],
            "zone": "ru-central1-a"
          },
          "sensitive_attributes": [],
          "private": "eyJlMmJmYjczMC1lY2FhLTExZTYtOGY4OC0zNDM2M2JjN2M0YzAiOnsiY3JlYXRlIjoxODAwMDAwMDAwMDAsImRlbGV0ZSI6MTgwMDAwMDAwMDAwLCJ1cGRhdGUiOjE4MDAwMDAwMDAwMH19",
          "dependencies": [
            "yandex_vpc_network.vpc"
          ]
        }
      ]
    }
  ],
  "check_results": null
}
